PODS:
  - CocoaLumberjack (1.7.0):
    - CocoaLumberjack/Core
    - CocoaLumberjack/Extensions
  - CocoaLumberjack/Core (1.7.0)
  - CocoaLumberjack/Extensions (1.7.0):
    - CocoaLumberjack/Core
  - Reveal-iOS-SDK (1.0.3)

DEPENDENCIES:
  - CocoaLumberjack
  - Reveal-iOS-SDK

SPEC CHECKSUMS:
  CocoaLumberjack: be87113f649942f020a37c061c58009b6ee5ff68
  Reveal-iOS-SDK: f2525cb560a564fdc086316e89ec45ced6977fd3

COCOAPODS: 0.28.0
